
Microsoft Visual Studio Solution File, Format Version 12.00
# Visual Studio Version 17
VisualStudioVersion = 17.14.37614.0 d17.14
MinimumVisualStudioVersion = 10.0.40219.1
Project("{FAE04EC0-301F-11D3-BF4B-00C04F79EFBC}") = "Bank", "Bank\Bank.csproj", "{C74B4284-C6A1-4587-85A7-98E4C4B47E67}"
EndProject
Global
	GlobalSection(SolutionConfigurationPlatforms) = preSolution
		Debug|Any CPU = Debug|Any CPU
		Release|Any CPU = Release|Any CPU
	EndGlobalSection
	GlobalSection(ProjectConfigurationPlatforms) = postSolution
		{C74B4284-C6A1-4587-85A7-98E4C4B47E67}.Debug|Any CPU.ActiveCfg = Debug|Any CPU
		{C74B4284-C6A1-4587-85A7-98E4C4B47E67}.Debug|Any CPU.Build.0 = Debug|Any CPU
		{C74B4284-C6A1-4587-85A7-98E4C4B47E67}.Release|Any CPU.ActiveCfg = Release|Any CPU
		{C74B4284-C6A1-4587-85A7-98E4C4B47E67}.Release|Any CPU.Build.0 = Release|Any CPU
	EndGlobalSection
	GlobalSection(SolutionProperties) = preSolution
		HideSolutionNode = FALSE
	EndGlobalSection
	GlobalSection(ExtensibilityGlobals) = postSolution
		SolutionGuid = {876325AB-CDD8-45D5-9826-1B10072727E9}
	EndGlobalSection
EndGlobal
